
Microsoft Visual Studio Solution File, Format Version 12.00
# Visual Studio Version 16
VisualStudioVersion = 16.0.31112.23
MinimumVisualStudioVersion = 10.0.40219.1
Project("{FAE04EC0-301F-11D3-BF4B-00C04F79EFBC}") = "AppTask2021.UWP", "AppTask2021\AppTask2021.UWP\AppTask2021.UWP.csproj", "{10DA0245-E2C7-4ACC-8147-949AE4376AE4}"
EndProject
Project("{FAE04EC0-301F-11D3-BF4B-00C04F79EFBC}") = "AppTask2021.Android", "AppTask2021\AppTask2021.Android\AppTask2021.Android.csproj", "{2A69B5BB-A370-4A4A-89CF-CFD75E9C6CE1}"
EndProject
Project("{FAE04EC0-301F-11D3-BF4B-00C04F79EFBC}") = "AppTask2021.iOS", "AppTask2021\AppTask2021.iOS\AppTask2021.iOS.csproj", "{BDF76A29-06DD-40EC-9A08-654E505F9196}"
EndProject
Project("{FAE04EC0-301F-11D3-BF4B-00C04F79EFBC}") = "AppTask2021", "AppTask2021\AppTask2021\AppTask2021.csproj", "{42064433-BD9C-4E94-87BC-377875F4B91D}"
EndProject
Global
	GlobalSection(SolutionConfigurationPlatforms) = preSolution
		Debug|Any CPU = Debug|Any CPU
		Debug|ARM = Debug|ARM
		Debug|iPhone = Debug|iPhone
		Debug|iPhoneSimulator = Debug|iPhoneSimulator
		Debug|x64 = Debug|x64
		Debug|x86 = Debug|x86
		Release|Any CPU = Release|Any CPU
		Release|ARM = Release|ARM
		Release|iPhone = Release|iPhone
		Release|iPhoneSimulator = Release|iPhoneSimulator
		Release|x64 = Release|x64
		Release|x86 = Release|x86
	EndGlobalSection
	GlobalSection(ProjectConfigurationPlatforms) = postSolution
		{10DA0245-E2C7-4ACC-8147-949AE4376AE4}.Debug|Any CPU.ActiveCfg = Debug|x86
		{10DA0245-E2C7-4ACC-8147-949AE4376AE4}.Debug|Any CPU.Build.0 = Debug|x86
		{10DA0245-E2C7-4ACC-8147-949AE4376AE4}.Debug|Any CPU.Deploy.0 = Debug|x86
		{10DA0245-E2C7-4ACC-8147-949AE4376AE4}.Debug|ARM.ActiveCfg = Debug|ARM
		{10DA0245-E2C7-4ACC-8147-949AE4376AE4}.Debug|ARM.Build.0 = Debug|ARM
		{10DA0245-E2C7-4ACC-8147-949AE4376AE4}.Debug|ARM.Deploy.0 = Debug|ARM
		{10DA0245-E2C7-4ACC-8147-949AE4376AE4}.Debug|iPhone.ActiveCfg = Debug|x86
		{10DA0245-E2C7-4ACC-8147-949AE4376AE4}.Debug|iPhone.Build.0 = Debug|x86
		{10DA0245-E2C7-4ACC-8147-949AE4376AE4}.Debug|iPhone.Deploy.0 = Debug|x86
		{10DA0245-E2C7-4ACC-8147-949AE4376AE4}.Debug|iPhoneSimulator.ActiveCfg = Debug|x86
		{10DA0245-E2C7-4ACC-8147-949AE4376AE4}.Debug|iPhoneSimulator.Build.0 = Debug|x86
		{10DA0245-E2C7-4ACC-8147-949AE4376AE4}.Debug|iPhoneSimulator.Deploy.0 = Debug|x86
		{10DA0245-E2C7-4ACC-8147-949AE4376AE4}.Debug|x64.ActiveCfg = Debug|x64
		{10DA0245-E2C7-4ACC-8147-949AE4376AE4}.Debug|x64.Build.0 = Debug|x64
		{10DA0245-E2C7-4ACC-8147-949AE4376AE4}.Debug|x64.Deploy.0 = Debug|x64
		{10DA0245-E2C7-4ACC-8147-949AE4376AE4}.Debug|x86.ActiveCfg = Debug|x86
		{10DA0245-E2C7-4ACC-8147-949AE4376AE4}.Debug|x86.Build.0 = Debug|x86
		{10DA0245-E2C7-4ACC-8147-949AE4376AE4}.Debug|x86.Deploy.0 = Debug|x86
		{10DA0245-E2C7-4ACC-8147-949AE4376AE4}.Release|Any CPU.ActiveCfg = Release|x86
		{10DA0245-E2C7-4ACC-8147-949AE4376AE4}.Release|Any CPU.Build.0 = Release|x86
		{10DA0245-E2C7-4ACC-8147-949AE4376AE4}.Release|Any CPU.Deploy.0 = Release|x86
		{10DA0245-E2C7-4ACC-8147-949AE4376AE4}.Release|ARM.ActiveCfg = Release|ARM
		{10DA0245-E2C7-4ACC-8147-949AE4376AE4}.Release|ARM.Build.0 = Release|ARM
		{10DA0245-E2C7-4ACC-8147-949AE4376AE4}.Release|ARM.Deploy.0 = Release|ARM
		{10DA0245-E2C7-4ACC-8147-949AE4376AE4}.Release|iPhone.ActiveCfg = Release|x86
		{10DA0245-E2C7-4ACC-8147-949AE4376AE4}.Release|iPhone.Build.0 = Release|x86
		{10DA0245-E2C7-4ACC-8147-949AE4376AE4}.Release|iPhone.Deploy.0 = Release|x86
		{10DA0245-E2C7-4ACC-8147-949AE4376AE4}.Release|iPhoneSimulator.ActiveCfg = Release|x86
		{10DA0245-E2C7-4ACC-8147-949AE4376AE4}.Release|iPhoneSimulator.Build.0 = Release|x86
		{10DA0245-E2C7-4ACC-8147-949AE4376AE4}.Release|iPhoneSimulator.Deploy.0 = Release|x86
		{10DA0245-E2C7-4ACC-8147-949AE4376AE4}.Release|x64.ActiveCfg = Release|x64
		{10DA0245-E2C7-4ACC-8147-949AE4376AE4}.Release|x64.Build.0 = Release|x64
		{10DA0245-E2C7-4ACC-8147-949AE4376AE4}.Release|x64.Deploy.0 = Release|x64
		{10DA0245-E2C7-4ACC-8147-949AE4376AE4}.Release|x86.ActiveCfg = Release|x86
		{10DA0245-E2C7-4ACC-8147-949AE4376AE4}.Release|x86.Build.0 = Release|x86
		{10DA0245-E2C7-4ACC-8147-949AE4376AE4}.Release|x86.Deploy.0 = Release|x86
		{2A69B5BB-A370-4A4A-89CF-CFD75E9C6CE1}.Debug|Any CPU.ActiveCfg = Debug|Any CPU
		{2A69B5BB-A370-4A4A-89CF-CFD75E9C6CE1}.Debug|Any CPU.Build.0 = Debug|Any CPU
		{2A69B5BB-A370-4A4A-89CF-CFD75E9C6CE1}.Debug|Any CPU.Deploy.0 = Debug|Any CPU
		{2A69B5BB-A370-4A4A-89CF-CFD75E9C6CE1}.Debug|ARM.ActiveCfg = Debug|Any CPU
		{2A69B5BB-A370-4A4A-89CF-CFD75E9C6CE1}.Debug|ARM.Build.0 = Debug|Any CPU
		{2A69B5BB-A370-4A4A-89CF-CFD75E9C6CE1}.Debug|ARM.Deploy.0 = Debug|Any CPU
		{2A69B5BB-A370-4A4A-89CF-CFD75E9C6CE1}.Debug|iPhone.ActiveCfg = Debug|Any CPU
		{2A69B5BB-A370-4A4A-89CF-CFD75E9C6CE1}.Debug|iPhone.Build.0 = Debug|Any CPU
		{2A69B5BB-A370-4A4A-89CF-CFD75E9C6CE1}.Debug|iPhone.Deploy.0 = Debug|Any CPU
		{2A69B5BB-A370-4A4A-89CF-CFD75E9C6CE1}.Debug|iPhoneSimulator.ActiveCfg = Debug|Any CPU
		{2A69B5BB-A370-4A4A-89CF-CFD75E9C6CE1}.Debug|iPhoneSimulator.Build.0 = Debug|Any CPU
		{2A69B5BB-A370-4A4A-89CF-CFD75E9C6CE1}.Debug|iPhoneSimulator.Deploy.0 = Debug|Any CPU
		{2A69B5BB-A370-4A4A-89CF-CFD75E9C6CE1}.Debug|x64.ActiveCfg = Debug|Any CPU
		{2A69B5BB-A370-4A4A-89CF-CFD75E9C6CE1}.Debug|x64.Build.0 = Debug|Any CPU
		{2A69B5BB-A370-4A4A-89CF-CFD75E9C6CE1}.Debug|x64.Deploy.0 = Debug|Any CPU
		{2A69B5BB-A370-4A4A-89CF-CFD75E9C6CE1}.Debug|x86.ActiveCfg = Debug|Any CPU
		{2A69B5BB-A370-4A4A-89CF-CFD75E9C6CE1}.Debug|x86.Build.0 = Debug|Any CPU
		{2A69B5BB-A370-4A4A-89CF-CFD75E9C6CE1}.Debug|x86.Deploy.0 = Debug|Any CPU
		{2A69B5BB-A370-4A4A-89CF-CFD75E9C6CE1}.Release|Any CPU.ActiveCfg = Release|Any CPU
		{2A69B5BB-A370-4A4A-89CF-CFD75E9C6CE1}.Release|Any CPU.Build.0 = Release|Any CPU
		{2A69B5BB-A370-4A4A-89CF-CFD75E9C6CE1}.Release|Any CPU.Deploy.0 = Release|Any CPU
		{2A69B5BB-A370-4A4A-89CF-CFD75E9C6CE1}.Release|ARM.ActiveCfg = Release|Any CPU
		{2A69B5BB-A370-4A4A-89CF-CFD75E9C6CE1}.Release|ARM.Build.0 = Release|Any CPU
		{2A69B5BB-A370-4A4A-89CF-CFD75E9C6CE1}.Release|ARM.Deploy.0 = Release|Any CPU
		{2A69B5BB-A370-4A4A-89CF-CFD75E9C6CE1}.Release|iPhone.ActiveCfg = Release|Any CPU
		{2A69B5BB-A370-4A4A-89CF-CFD75E9C6CE1}.Release|iPhone.Build.0 = Release|Any CPU
		{2A69B5BB-A370-4A4A-89CF-CFD75E9C6CE1}.Release|iPhone.Deploy.0 = Release|Any CPU
		{2A69B5BB-A370-4A4A-89CF-CFD75E9C6CE1}.Release|iPhoneSimulator.ActiveCfg = Release|Any CPU
		{2A69B5BB-A370-4A4A-89CF-CFD75E9C6CE1}.Release|iPhoneSimulator.Build.0 = Release|Any CPU
		{2A69B5BB-A370-4A4A-89CF-CFD75E9C6CE1}.Release|iPhoneSimulator.Deploy.0 = Release|Any CPU
		{2A69B5BB-A370-4A4A-89CF-CFD75E9C6CE1}.Release|x64.ActiveCfg = Release|Any CPU
		{2A69B5BB-A370-4A4A-89CF-CFD75E9C6CE1}.Release|x64.Build.0 = Release|Any CPU
		{2A69B5BB-A370-4A4A-89CF-CFD75E9C6CE1}.Release|x64.Deploy.0 = Release|Any CPU
		{2A69B5BB-A370-4A4A-89CF-CFD75E9C6CE1}.Release|x86.ActiveCfg = Release|Any CPU
		{2A69B5BB-A370-4A4A-89CF-CFD75E9C6CE1}.Release|x86.Build.0 = Release|Any CPU
		{2A69B5BB-A370-4A4A-89CF-CFD75E9C6CE1}.Release|x86.Deploy.0 = Release|Any CPU
		{BDF76A29-06DD-40EC-9A08-654E505F9196}.Debug|Any CPU.ActiveCfg = Debug|iPhoneSimulator
		{BDF76A29-06DD-40EC-9A08-654E505F9196}.Debug|Any CPU.Build.0 = Debug|iPhoneSimulator
		{BDF76A29-06DD-40EC-9A08-654E505F9196}.Debug|Any CPU.Deploy.0 = Debug|iPhoneSimulator
		{BDF76A29-06DD-40EC-9A08-654E505F9196}.Debug|ARM.ActiveCfg = Debug|iPhone
		{BDF76A29-06DD-40EC-9A08-654E505F9196}.Debug|ARM.Build.0 = Debug|iPhone
		{BDF76A29-06DD-40EC-9A08-654E505F9196}.Debug|ARM.Deploy.0 = Debug|iPhone
		{BDF76A29-06DD-40EC-9A08-654E505F9196}.Debug|iPhone.ActiveCfg = Debug|iPhone
		{BDF76A29-06DD-40EC-9A08-654E505F9196}.Debug|iPhone.Build.0 = Debug|iPhone
		{BDF76A29-06DD-40EC-9A08-654E505F9196}.Debug|iPhone.Deploy.0 = Debug|iPhone
		{BDF76A29-06DD-40EC-9A08-654E505F9196}.Debug|iPhoneSimulator.ActiveCfg = Debug|iPhoneSimulator
		{BDF76A29-06DD-40EC-9A08-654E505F9196}.Debug|iPhoneSimulator.Build.0 = Debug|iPhoneSimulator
		{BDF76A29-06DD-40EC-9A08-654E505F9196}.Debug|iPhoneSimulator.Deploy.0 = Debug|iPhoneSimulator
		{BDF76A29-06DD-40EC-9A08-654E505F9196}.Debug|x64.ActiveCfg = Debug|iPhoneSimulator
		{BDF76A29-06DD-40EC-9A08-654E505F9196}.Debug|x64.Build.0 = Debug|iPhoneSimulator
		{BDF76A29-06DD-40EC-9A08-654E505F9196}.Debug|x64.Deploy.0 = Debug|iPhoneSimulator
		{BDF76A29-06DD-40EC-9A08-654E505F9196}.Debug|x86.ActiveCfg = Debug|iPhoneSimulator
		{BDF76A29-06DD-40EC-9A08-654E505F9196}.Debug|x86.Build.0 = Debug|iPhoneSimulator
		{BDF76A29-06DD-40EC-9A08-654E505F9196}.Debug|x86.Deploy.0 = Debug|iPhoneSimulator
		{BDF76A29-06DD-40EC-9A08-654E505F9196}.Release|Any CPU.ActiveCfg = Release|iPhoneSimulator
		{BDF76A29-06DD-40EC-9A08-654E505F9196}.Release|Any CPU.Build.0 = Release|iPhoneSimulator
		{BDF76A29-06DD-40EC-9A08-654E505F9196}.Release|Any CPU.Deploy.0 = Release|iPhoneSimulator
		{BDF76A29-06DD-40EC-9A08-654E505F9196}.Release|ARM.ActiveCfg = Release|iPhoneSimulator
		{BDF76A29-06DD-40EC-9A08-654E505F9196}.Release|ARM.Build.0 = Release|iPhoneSimulator
		{BDF76A29-06DD-40EC-9A08-654E505F9196}.Release|ARM.Deploy.0 = Release|iPhoneSimulator
		{BDF76A29-06DD-40EC-9A08-654E505F9196}.Release|iPhone.ActiveCfg = Release|iPhone
		{BDF76A29-06DD-40EC-9A08-654E505F9196}.Release|iPhone.Build.0 = Release|iPhone
		{BDF76A29-06DD-40EC-9A08-654E505F9196}.Release|iPhone.Deploy.0 = Release|iPhone
		{BDF76A29-06DD-40EC-9A08-654E505F9196}.Release|iPhoneSimulator.ActiveCfg = Release|iPhoneSimulator
		{BDF76A29-06DD-40EC-9A08-654E505F9196}.Release|iPhoneSimulator.Build.0 = Release|iPhoneSimulator
		{BDF76A29-06DD-40EC-9A08-654E505F9196}.Release|iPhoneSimulator.Deploy.0 = Release|iPhoneSimulator
		{BDF76A29-06DD-40EC-9A08-654E505F9196}.Release|x64.ActiveCfg = Release|iPhoneSimulator
		{BDF76A29-06DD-40EC-9A08-654E505F9196}.Release|x64.Build.0 = Release|iPhoneSimulator
		{BDF76A29-06DD-40EC-9A08-654E505F9196}.Release|x64.Deploy.0 = Release|iPhoneSimulator
		{BDF76A29-06DD-40EC-9A08-654E505F9196}.Release|x86.ActiveCfg = Release|iPhoneSimulator
		{BDF76A29-06DD-40EC-9A08-654E505F9196}.Release|x86.Build.0 = Release|iPhoneSimulator
		{BDF76A29-06DD-40EC-9A08-654E505F9196}.Release|x86.Deploy.0 = Release|iPhoneSimulator
		{42064433-BD9C-4E94-87BC-377875F4B91D}.Debug|Any CPU.ActiveCfg = Debug|Any CPU
		{42064433-BD9C-4E94-87BC-377875F4B91D}.Debug|Any CPU.Build.0 = Debug|Any CPU
		{42064433-BD9C-4E94-87BC-377875F4B91D}.Debug|Any CPU.Deploy.0 = Debug|Any CPU
		{42064433-BD9C-4E94-87BC-377875F4B91D}.Debug|ARM.ActiveCfg = Debug|Any CPU
		{42064433-BD9C-4E94-87BC-377875F4B91D}.Debug|ARM.Build.0 = Debug|Any CPU
		{42064433-BD9C-4E94-87BC-377875F4B91D}.Debug|ARM.Deploy.0 = Debug|Any CPU
		{42064433-BD9C-4E94-87BC-377875F4B91D}.Debug|iPhone.ActiveCfg = Debug|Any CPU
		{42064433-BD9C-4E94-87BC-377875F4B91D}.Debug|iPhone.Build.0 = Debug|Any CPU
		{42064433-BD9C-4E94-87BC-377875F4B91D}.Debug|iPhone.Deploy.0 = Debug|Any CPU
		{42064433-BD9C-4E94-87BC-377875F4B91D}.Debug|iPhoneSimulator.ActiveCfg = Debug|Any CPU
		{42064433-BD9C-4E94-87BC-377875F4B91D}.Debug|iPhoneSimulator.Build.0 = Debug|Any CPU
		{42064433-BD9C-4E94-87BC-377875F4B91D}.Debug|iPhoneSimulator.Deploy.0 = Debug|Any CPU
		{42064433-BD9C-4E94-87BC-377875F4B91D}.Debug|x64.ActiveCfg = Debug|Any CPU
		{42064433-BD9C-4E94-87BC-377875F4B91D}.Debug|x64.Build.0 = Debug|Any CPU
		{42064433-BD9C-4E94-87BC-377875F4B91D}.Debug|x64.Deploy.0 = Debug|Any CPU
		{42064433-BD9C-4E94-87BC-377875F4B91D}.Debug|x86.ActiveCfg = Debug|Any CPU
		{42064433-BD9C-4E94-87BC-377875F4B91D}.Debug|x86.Build.0 = Debug|Any CPU
		{42064433-BD9C-4E94-87BC-377875F4B91D}.Debug|x86.Deploy.0 = Debug|Any CPU
		{42064433-BD9C-4E94-87BC-377875F4B91D}.Release|Any CPU.ActiveCfg = Release|Any CPU
		{42064433-BD9C-4E94-87BC-377875F4B91D}.Release|Any CPU.Build.0 = Release|Any CPU
		{42064433-BD9C-4E94-87BC-377875F4B91D}.Release|Any CPU.Deploy.0 = Release|Any CPU
		{42064433-BD9C-4E94-87BC-377875F4B91D}.Release|ARM.ActiveCfg = Release|Any CPU
		{42064433-BD9C-4E94-87BC-377875F4B91D}.Release|ARM.Build.0 = Release|Any CPU
		{42064433-BD9C-4E94-87BC-377875F4B91D}.Release|ARM.Deploy.0 = Release|Any CPU
		{42064433-BD9C-4E94-87BC-377875F4B91D}.Release|iPhone.ActiveCfg = Release|Any CPU
		{42064433-BD9C-4E94-87BC-377875F4B91D}.Release|iPhone.Build.0 = Release|Any CPU
		{42064433-BD9C-4E94-87BC-377875F4B91D}.Release|iPhone.Deploy.0 = Release|Any CPU
		{42064433-BD9C-4E94-87BC-377875F4B91D}.Release|iPhoneSimulator.ActiveCfg = Release|Any CPU
		{42064433-BD9C-4E94-87BC-377875F4B91D}.Release|iPhoneSimulator.Build.0 = Release|Any CPU
		{42064433-BD9C-4E94-87BC-377875F4B91D}.Release|iPhoneSimulator.Deploy.0 = Release|Any CPU
		{42064433-BD9C-4E94-87BC-377875F4B91D}.Release|x64.ActiveCfg = Release|Any CPU
		{42064433-BD9C-4E94-87BC-377875F4B91D}.Release|x64.Build.0 = Release|Any CPU
		{42064433-BD9C-4E94-87BC-377875F4B91D}.Release|x64.Deploy.0 = Release|Any CPU
		{42064433-BD9C-4E94-87BC-377875F4B91D}.Release|x86.ActiveCfg = Release|Any CPU
		{42064433-BD9C-4E94-87BC-377875F4B91D}.Release|x86.Build.0 = Release|Any CPU
		{42064433-BD9C-4E94-87BC-377875F4B91D}.Release|x86.Deploy.0 = Release|Any CPU
	EndGlobalSection
	GlobalSection(SolutionProperties) = preSolution
		HideSolutionNode = FALSE
	EndGlobalSection
	GlobalSection(ExtensibilityGlobals) = postSolution
		SolutionGuid = {83504268-E726-47B8-86DC-32B15189B185}
	EndGlobalSection
EndGlobal
